
Microsoft Visual Studio Solution File, Format Version 12.00
# Visual Studio Version 17
VisualStudioVersion = 17.10.35027.167
MinimumVisualStudioVersion = 10.0.40219.1
Project("{FAE04EC0-301F-11D3-BF4B-00C04F79EFBC}") = "Pro TechConnect", "Pro TechConnect\Pro TechConnect.csproj", "{A19E267D-83C8-4EED-90B5-1072AB256ACA}"
EndProject
Global
	GlobalSection(SolutionConfigurationPlatforms) = preSolution
		Debug|Any CPU = Debug|Any CPU
		Release|Any CPU = Release|Any CPU
	EndGlobalSection
	GlobalSection(ProjectConfigurationPlatforms) = postSolution
		{A19E267D-83C8-4EED-90B5-1072AB256ACA}.Debug|Any CPU.ActiveCfg = Debug|Any CPU
		{A19E267D-83C8-4EED-90B5-1072AB256ACA}.Debug|Any CPU.Build.0 = Debug|Any CPU
		{A19E267D-83C8-4EED-90B5-1072AB256ACA}.Release|Any CPU.ActiveCfg = Release|Any CPU
		{A19E267D-83C8-4EED-90B5-1072AB256ACA}.Release|Any CPU.Build.0 = Release|Any CPU
	EndGlobalSection
	GlobalSection(SolutionProperties) = preSolution
		HideSolutionNode = FALSE
	EndGlobalSection
	GlobalSection(ExtensibilityGlobals) = postSolution
		SolutionGuid = {70410330-D9E1-455E-B8F0-708521E38BCD}
	EndGlobalSection
EndGlobal
